
Microsoft Visual Studio Solution File, Format Version 11.00
# Visual Studio 2010
Project("{F184B08F-C81C-45F6-A57F-5ABD9991F28F}") = "PSSDK9", "PSSDK9\PSSDK9.vbproj", "{5D5D61FE-0A15-4FD1-BF58-F026A6CC4E5E}"
EndProject
Global
	GlobalSection(SolutionConfigurationPlatforms) = preSolution
		Debug|x86 = Debug|x86
		Release|x86 = Release|x86
	EndGlobalSection
	GlobalSection(ProjectConfigurationPlatforms) = postSolution
		{5D5D61FE-0A15-4FD1-BF58-F026A6CC4E5E}.Debug|x86.ActiveCfg = Debug|x86
		{5D5D61FE-0A15-4FD1-BF58-F026A6CC4E5E}.Debug|x86.Build.0 = Debug|x86
		{5D5D61FE-0A15-4FD1-BF58-F026A6CC4E5E}.Release|x86.ActiveCfg = Release|x86
		{5D5D61FE-0A15-4FD1-BF58-F026A6CC4E5E}.Release|x86.Build.0 = Release|x86
	EndGlobalSection
	GlobalSection(SolutionProperties) = preSolution
		HideSolutionNode = FALSE
	EndGlobalSection
EndGlobal
